
Microsoft Visual Studio Solution File, Format Version 12.00
# Visual Studio 14
VisualStudioVersion = 14.0.25420.1
MinimumVisualStudioVersion = 10.0.40219.1
Project("{FAE04EC0-301F-11D3-BF4B-00C04F79EFBC}") = "Ratatoskr_Client", "Ratatoskr_Client\Ratatoskr_Client.csproj", "{F76A0830-8EA5-4C68-B695-8766BE52DF6A}"
EndProject
Project("{FAE04EC0-301F-11D3-BF4B-00C04F79EFBC}") = "Ratatoskr_Server", "Ratatoskr_Server\Ratatoskr_Server.csproj", "{A74A1D82-1E14-4649-8368-936558AA863C}"
EndProject
Global
	GlobalSection(SolutionConfigurationPlatforms) = preSolution
		Debug|Any CPU = Debug|Any CPU
		Release|Any CPU = Release|Any CPU
	EndGlobalSection
	GlobalSection(ProjectConfigurationPlatforms) = postSolution
		{F76A0830-8EA5-4C68-B695-8766BE52DF6A}.Debug|Any CPU.ActiveCfg = Debug|Any CPU
		{F76A0830-8EA5-4C68-B695-8766BE52DF6A}.Debug|Any CPU.Build.0 = Debug|Any CPU
		{F76A0830-8EA5-4C68-B695-8766BE52DF6A}.Release|Any CPU.ActiveCfg = Release|Any CPU
		{F76A0830-8EA5-4C68-B695-8766BE52DF6A}.Release|Any CPU.Build.0 = Release|Any CPU
		{A74A1D82-1E14-4649-8368-936558AA863C}.Debug|Any CPU.ActiveCfg = Debug|Any CPU
		{A74A1D82-1E14-4649-8368-936558AA863C}.Debug|Any CPU.Build.0 = Debug|Any CPU
		{A74A1D82-1E14-4649-8368-936558AA863C}.Release|Any CPU.ActiveCfg = Release|Any CPU
		{A74A1D82-1E14-4649-8368-936558AA863C}.Release|Any CPU.Build.0 = Release|Any CPU
	EndGlobalSection
	GlobalSection(SolutionProperties) = preSolution
		HideSolutionNode = FALSE
	EndGlobalSection
EndGlobal
